{
  "requires": true,
  "lockfileVersion": 1,
  "dependencies": {
    "wouter": {
      "version": "2.8.0-alpha.1",
      "resolved": "https://registry.npmjs.org/wouter/-/wouter-2.8.0-alpha.1.tgz",
      "integrity": "sha512-zzamRfbq8XEJny/PRpBmXYvhhLGNbLw5y7Ve5PA9DwvvsdYCYrtwaAECXWDKbfiDMCR2HL1H267b/NVthubZaA=="
    }
  }
}
